
Microsoft Visual Studio Solution File, Format Version 12.00
# Visual Studio Version 17
VisualStudioVersion = 17.12.35707.178 d17.12
MinimumVisualStudioVersion = 10.0.40219.1
Project("{FAE04EC0-301F-11D3-BF4B-00C04F79EFBC}") = "PlainFiles.Core", "PlanFiles\PlainFiles.Core.csproj", "{1BD5F482-392F-436B-BA98-B403EB7298E2}"
EndProject
Project("{FAE04EC0-301F-11D3-BF4B-00C04F79EFBC}") = "Console", "Console\Console.csproj", "{F6E0C674-F8E9-41DE-80BE-CDC3503E4717}"
EndProject
Global
	GlobalSection(SolutionConfigurationPlatforms) = preSolution
		Debug|Any CPU = Debug|Any CPU
		Release|Any CPU = Release|Any CPU
	EndGlobalSection
	GlobalSection(ProjectConfigurationPlatforms) = postSolution
		{1BD5F482-392F-436B-BA98-B403EB7298E2}.Debug|Any CPU.ActiveCfg = Debug|Any CPU
		{1BD5F482-392F-436B-BA98-B403EB7298E2}.Debug|Any CPU.Build.0 = Debug|Any CPU
		{1BD5F482-392F-436B-BA98-B403EB7298E2}.Release|Any CPU.ActiveCfg = Release|Any CPU
		{1BD5F482-392F-436B-BA98-B403EB7298E2}.Release|Any CPU.Build.0 = Release|Any CPU
		{F6E0C674-F8E9-41DE-80BE-CDC3503E4717}.Debug|Any CPU.ActiveCfg = Debug|Any CPU
		{F6E0C674-F8E9-41DE-80BE-CDC3503E4717}.Debug|Any CPU.Build.0 = Debug|Any CPU
		{F6E0C674-F8E9-41DE-80BE-CDC3503E4717}.Release|Any CPU.ActiveCfg = Release|Any CPU
		{F6E0C674-F8E9-41DE-80BE-CDC3503E4717}.Release|Any CPU.Build.0 = Release|Any CPU
	EndGlobalSection
	GlobalSection(SolutionProperties) = preSolution
		HideSolutionNode = FALSE
	EndGlobalSection
EndGlobal
